// !$*UTF8*$!
{
	archiveVersion = 1;
	classes = {
	};
	objectVersion = 50;
	objects = {

/* Begin PBXBuildFile section */
		C978CD77262E2E0F00B09530 /* RecipeTabView.swift in Sources */ = {isa = PBXBuildFile; fileRef = C978CD76262E2E0F00B09530 /* RecipeTabView.swift */; };
		C99DA932262779F100C10BE4 /* AppDelegate.swift in Sources */ = {isa = PBXBuildFile; fileRef = C99DA931262779F100C10BE4 /* AppDelegate.swift */; };
		C99DA934262779F100C10BE4 /* SceneDelegate.swift in Sources */ = {isa = PBXBuildFile; fileRef = C99DA933262779F100C10BE4 /* SceneDelegate.swift */; };
		C99DA936262779F100C10BE4 /* RecipeListView.swift in Sources */ = {isa = PBXBuildFile; fileRef = C99DA935262779F100C10BE4 /* RecipeListView.swift */; };
		C99DA938262779F200C10BE4 /* Assets.xcassets in Resources */ = {isa = PBXBuildFile; fileRef = C99DA937262779F200C10BE4 /* Assets.xcassets */; };
		C99DA93B262779F200C10BE4 /* Preview Assets.xcassets in Resources */ = {isa = PBXBuildFile; fileRef = C99DA93A262779F200C10BE4 /* Preview Assets.xcassets */; };
		C99DA93E262779F200C10BE4 /* LaunchScreen.storyboard in Resources */ = {isa = PBXBuildFile; fileRef = C99DA93C262779F200C10BE4 /* LaunchScreen.storyboard */; };
		C99DA94B26277B7F00C10BE4 /* recipes.json in Resources */ = {isa = PBXBuildFile; fileRef = C99DA94A26277B7F00C10BE4 /* recipes.json */; };
		C99DA94E26277BFF00C10BE4 /* Recipe.swift in Sources */ = {isa = PBXBuildFile; fileRef = C99DA94C26277BC300C10BE4 /* Recipe.swift */; };
		C99DA9502627804000C10BE4 /* RecipeModel.swift in Sources */ = {isa = PBXBuildFile; fileRef = C99DA94F2627804000C10BE4 /* RecipeModel.swift */; };
		C99DA9522627816A00C10BE4 /* DataService.swift in Sources */ = {isa = PBXBuildFile; fileRef = C99DA9512627816A00C10BE4 /* DataService.swift */; };
		C99DA9542627A11500C10BE4 /* RecipeDetailView.swift in Sources */ = {isa = PBXBuildFile; fileRef = C99DA9532627A11400C10BE4 /* RecipeDetailView.swift */; };
/* End PBXBuildFile section */

/* Begin PBXFileReference section */
		C978CD76262E2E0F00B09530 /* RecipeTabView.swift */ = {isa = PBXFileReference; lastKnownFileType = sourcecode.swift; path = RecipeTabView.swift; sourceTree = "<group>"; };
		C99DA92E262779F100C10BE4 /* Lesson13RecipeListApp.app */ = {isa = PBXFileReference; explicitFileType = wrapper.application; includeInIndex = 0; path = Lesson13RecipeListApp.app; sourceTree = BUILT_PRODUCTS_DIR; };
		C99DA931262779F100C10BE4 /* AppDelegate.swift */ = {isa = PBXFileReference; lastKnownFileType = sourcecode.swift; path = AppDelegate.swift; sourceTree = "<group>"; };
		C99DA933262779F100C10BE4 /* SceneDelegate.swift */ = {isa = PBXFileReference; lastKnownFileType = sourcecode.swift; path = SceneDelegate.swift; sourceTree = "<group>"; };
		C99DA935262779F100C10BE4 /* RecipeListView.swift */ = {isa = PBXFileReference; lastKnownFileType = sourcecode.swift; path = RecipeListView.swift; sourceTree = "<group>"; };
		C99DA937262779F200C10BE4 /* Assets.xcassets */ = {isa = PBXFileReference; lastKnownFileType = folder.assetcatalog; path = Assets.xcassets; sourceTree = "<group>"; };
		C99DA93A262779F200C10BE4 /* Preview Assets.xcassets */ = {isa = PBXFileReference; lastKnownFileType = folder.assetcatalog; path = "Preview Assets.xcassets"; sourceTree = "<group>"; };
		C99DA93D262779F200C10BE4 /* Base */ = {isa = PBXFileReference; lastKnownFileType = file.storyboard; name = Base; path = Base.lproj/LaunchScreen.storyboard; sourceTree = "<group>"; };
		C99DA93F262779F200C10BE4 /* Info.plist */ = {isa = PBXFileReference; lastKnownFileType = text.plist.xml; path = Info.plist; sourceTree = "<group>"; };
		C99DA94A26277B7F00C10BE4 /* recipes.json */ = {isa = PBXFileReference; fileEncoding = 4; lastKnownFileType = text.json; name = recipes.json; path = "../../../../../../../../../Downloads/RecipeListApp Resources/recipes.json"; sourceTree = "<group>"; };
		C99DA94C26277BC300C10BE4 /* Recipe.swift */ = {isa = PBXFileReference; lastKnownFileType = sourcecode.swift; path = Recipe.swift; sourceTree = "<group>"; };
		C99DA94F2627804000C10BE4 /* RecipeModel.swift */ = {isa = PBXFileReference; lastKnownFileType = sourcecode.swift; path = RecipeModel.swift; sourceTree = "<group>"; };
		C99DA9512627816A00C10BE4 /* DataService.swift */ = {isa = PBXFileReference; lastKnownFileType = sourcecode.swift; path = DataService.swift; sourceTree = "<group>"; };
		C99DA9532627A11400C10BE4 /* RecipeDetailView.swift */ = {isa = PBXFileReference; lastKnownFileType = sourcecode.swift; path = RecipeDetailView.swift; sourceTree = "<group>"; };
/* End PBXFileReference section */

/* Begin PBXFrameworksBuildPhase section */
		C99DA92B262779F100C10BE4 /* Frameworks */ = {
			isa = PBXFrameworksBuildPhase;
			buildActionMask = 2147483647;
			files = (
			);
			runOnlyForDeploymentPostprocessing = 0;
		};
/* End PBXFrameworksBuildPhase section */

/* Begin PBXGroup section */
		C99DA925262779F100C10BE4 = {
			isa = PBXGroup;
			children = (
				C99DA930262779F100C10BE4 /* Lesson13RecipeListApp */,
				C99DA92F262779F100C10BE4 /* Products */,
			);
			sourceTree = "<group>";
		};
		C99DA92F262779F100C10BE4 /* Products */ = {
			isa = PBXGroup;
			children = (
				C99DA92E262779F100C10BE4 /* Lesson13RecipeListApp.app */,
			);
			name = Products;
			sourceTree = "<group>";
		};
		C99DA930262779F100C10BE4 /* Lesson13RecipeListApp */ = {
			isa = PBXGroup;
			children = (
				C99DA94626277A7D00C10BE4 /* Views */,
				C99DA94826277A9B00C10BE4 /* ViewModels */,
				C99DA94526277A7300C10BE4 /* Models */,
				C99DA94926277AA500C10BE4 /* Services */,
				C99DA94726277A8A00C10BE4 /* Data */,
				C99DA931262779F100C10BE4 /* AppDelegate.swift */,
				C99DA937262779F200C10BE4 /* Assets.xcassets */,
				C99DA93C262779F200C10BE4 /* LaunchScreen.storyboard */,
				C99DA93F262779F200C10BE4 /* Info.plist */,
				C99DA939262779F200C10BE4 /* Preview Content */,
			);
			path = Lesson13RecipeListApp;
			sourceTree = "<group>";
		};
		C99DA939262779F200C10BE4 /* Preview Content */ = {
			isa = PBXGroup;
			children = (
				C99DA93A262779F200C10BE4 /* Preview Assets.xcassets */,
			);
			path = "Preview Content";
			sourceTree = "<group>";
		};
		C99DA94526277A7300C10BE4 /* Models */ = {
			isa = PBXGroup;
			children = (
				C99DA94C26277BC300C10BE4 /* Recipe.swift */,
			);
			path = Models;
			sourceTree = "<group>";
		};
		C99DA94626277A7D00C10BE4 /* Views */ = {
			isa = PBXGroup;
			children = (
				C99DA933262779F100C10BE4 /* SceneDelegate.swift */,
				C99DA935262779F100C10BE4 /* RecipeListView.swift */,
				C99DA9532627A11400C10BE4 /* RecipeDetailView.swift */,
				C978CD76262E2E0F00B09530 /* RecipeTabView.swift */,
			);
			path = Views;
			sourceTree = "<group>";
		};
		C99DA94726277A8A00C10BE4 /* Data */ = {
			isa = PBXGroup;
			children = (
				C99DA94A26277B7F00C10BE4 /* recipes.json */,
			);
			path = Data;
			sourceTree = "<group>";
		};
		C99DA94826277A9B00C10BE4 /* ViewModels */ = {
			isa = PBXGroup;
			children = (
				C99DA94F2627804000C10BE4 /* RecipeModel.swift */,
			);
			path = ViewModels;
			sourceTree = "<group>";
		};
		C99DA94926277AA500C10BE4 /* Services */ = {
			isa = PBXGroup;
			children = (
				C99DA9512627816A00C10BE4 /* DataService.swift */,
			);
			path = Services;
			sourceTree = "<group>";
		};
/* End PBXGroup section */

/* Begin PBXNativeTarget section */
		C99DA92D262779F100C10BE4 /* Lesson13RecipeListApp */ = {
			isa = PBXNativeTarget;
			buildConfigurationList = C99DA942262779F200C10BE4 /* Build configuration list for PBXNativeTarget "Lesson13RecipeListApp" */;
			buildPhases = (
				C99DA92A262779F100C10BE4 /* Sources */,
				C99DA92B262779F100C10BE4 /* Frameworks */,
				C99DA92C262779F100C10BE4 /* Resources */,
			);
			buildRules = (
			);
			dependencies = (
			);
			name = Lesson13RecipeListApp;
			productName = Lesson13RecipeListApp;
			productReference = C99DA92E262779F100C10BE4 /* Lesson13RecipeListApp.app */;
			productType = "com.apple.product-type.application";
		};
/* End PBXNativeTarget section */

/* Begin PBXProject section */
		C99DA926262779F100C10BE4 /* Project object */ = {
			isa = PBXProject;
			attributes = {
				LastSwiftUpdateCheck = 1130;
				LastUpgradeCheck = 1130;
				ORGANIZATIONNAME = "sTruong Code";
				TargetAttributes = {
					C99DA92D262779F100C10BE4 = {
						CreatedOnToolsVersion = 11.3;
					};
				};
			};
			buildConfigurationList = C99DA929262779F100C10BE4 /* Build configuration list for PBXProject "Lesson13RecipeListApp" */;
			compatibilityVersion = "Xcode 9.3";
			developmentRegion = en;
			hasScannedForEncodings = 0;
			knownRegions = (
				en,
				Base,
			);
			mainGroup = C99DA925262779F100C10BE4;
			productRefGroup = C99DA92F262779F100C10BE4 /* Products */;
			projectDirPath = "";
			projectRoot = "";
			targets = (
				C99DA92D262779F100C10BE4 /* Lesson13RecipeListApp */,
			);
		};
/* End PBXProject section */

/* Begin PBXResourcesBuildPhase section */
		C99DA92C262779F100C10BE4 /* Resources */ = {
			isa = PBXResourcesBuildPhase;
			buildActionMask = 2147483647;
			files = (
				C99DA93E262779F200C10BE4 /* LaunchScreen.storyboard in Resources */,
				C99DA93B262779F200C10BE4 /* Preview Assets.xcassets in Resources */,
				C99DA938262779F200C10BE4 /* Assets.xcassets in Resources */,
				C99DA94B26277B7F00C10BE4 /* recipes.json in Resources */,
			);
			runOnlyForDeploymentPostprocessing = 0;
		};
/* End PBXResourcesBuildPhase section */

/* Begin PBXSourcesBuildPhase section */
		C99DA92A262779F100C10BE4 /* Sources */ = {
			isa = PBXSourcesBuildPhase;
			buildActionMask = 2147483647;
			files = (
				C99DA9542627A11500C10BE4 /* RecipeDetailView.swift in Sources */,
				C99DA932262779F100C10BE4 /* AppDelegate.swift in Sources */,
				C978CD77262E2E0F00B09530 /* RecipeTabView.swift in Sources */,
				C99DA934262779F100C10BE4 /* SceneDelegate.swift in Sources */,
				C99DA9502627804000C10BE4 /* RecipeModel.swift in Sources */,
				C99DA9522627816A00C10BE4 /* DataService.swift in Sources */,
				C99DA936262779F100C10BE4 /* RecipeListView.swift in Sources */,
				C99DA94E26277BFF00C10BE4 /* Recipe.swift in Sources */,
			);
			runOnlyForDeploymentPostprocessing = 0;
		};
/* End PBXSourcesBuildPhase section */

/* Begin PBXVariantGroup section */
		C99DA93C262779F200C10BE4 /* LaunchScreen.storyboard */ = {
			isa = PBXVariantGroup;
			children = (
				C99DA93D262779F200C10BE4 /* Base */,
			);
			name = LaunchScreen.storyboard;
			sourceTree = "<group>";
		};
/* End PBXVariantGroup section */

/* Begin XCBuildConfiguration section */
		C99DA940262779F200C10BE4 /* Debug */ = {
			isa = XCBuildConfiguration;
			buildSettings = {
				ALWAYS_SEARCH_USER_PATHS = NO;
				CLANG_ANALYZER_NONNULL = YES;
				CLANG_ANALYZER_NUMBER_OBJECT_CONVERSION = YES_AGGRESSIVE;
				CLANG_CXX_LANGUAGE_STANDARD = "gnu++14";
				CLANG_CXX_LIBRARY = "libc++";
				CLANG_ENABLE_MODULES = YES;
				CLANG_ENABLE_OBJC_ARC = YES;
				CLANG_ENABLE_OBJC_WEAK = YES;
				CLANG_WARN_BLOCK_CAPTURE_AUTORELEASING = YES;
				CLANG_WARN_BOOL_CONVERSION = YES;
				CLANG_WARN_COMMA = YES;
				CLANG_WARN_CONSTANT_CONVERSION = YES;
				CLANG_WARN_DEPRECATED_OBJC_IMPLEMENTATIONS = YES;
				CLANG_WARN_DIRECT_OBJC_ISA_USAGE = YES_ERROR;
				CLANG_WARN_DOCUMENTATION_COMMENTS = YES;
				CLANG_WARN_EMPTY_BODY = YES;
				CLANG_WARN_ENUM_CONVERSION = YES;
				CLANG_WARN_INFINITE_RECURSION = YES;
				CLANG_WARN_INT_CONVERSION = YES;
				CLANG_WARN_NON_LITERAL_NULL_CONVERSION = YES;
				CLANG_WARN_OBJC_IMPLICIT_RETAIN_SELF = YES;
				CLANG_WARN_OBJC_LITERAL_CONVERSION = YES;
				CLANG_WARN_OBJC_ROOT_CLASS = YES_ERROR;
				CLANG_WARN_RANGE_LOOP_ANALYSIS = YES;
				CLANG_WARN_STRICT_PROTOTYPES = YES;
				CLANG_WARN_SUSPICIOUS_MOVE = YES;
				CLANG_WARN_UNGUARDED_AVAILABILITY = YES_AGGRESSIVE;
				CLANG_WARN_UNREACHABLE_CODE = YES;
				CLANG_WARN__DUPLICATE_METHOD_MATCH = YES;
				COPY_PHASE_STRIP = NO;
				DEBUG_INFORMATION_FORMAT = dwarf;
				ENABLE_STRICT_OBJC_MSGSEND = YES;
				ENABLE_TESTABILITY = YES;
				GCC_C_LANGUAGE_STANDARD = gnu11;
				GCC_DYNAMIC_NO_PIC = NO;
				GCC_NO_COMMON_BLOCKS = YES;
				GCC_OPTIMIZATION_LEVEL = 0;
				GCC_PREPROCESSOR_DEFINITIONS = (
					"DEBUG=1",
					"$(inherited)",
				);
				GCC_WARN_64_TO_32_BIT_CONVERSION = YES;
				GCC_WARN_ABOUT_RETURN_TYPE = YES_ERROR;
				GCC_WARN_UNDECLARED_SELECTOR = YES;
				GCC_WARN_UNINITIALIZED_AUTOS = YES_AGGRESSIVE;
				GCC_WARN_UNUSED_FUNCTION = YES;
				GCC_WARN_UNUSED_VARIABLE = YES;
				IPHONEOS_DEPLOYMENT_TARGET = 13.2;
				MTL_ENABLE_DEBUG_INFO = INCLUDE_SOURCE;
				MTL_FAST_MATH = YES;
				ONLY_ACTIVE_ARCH = YES;
				SDKROOT = iphoneos;
				SWIFT_ACTIVE_COMPILATION_CONDITIONS = DEBUG;
				SWIFT_OPTIMIZATION_LEVEL = "-Onone";
			};
			name = Debug;
		};
		C99DA941262779F200C10BE4 /* Release */ = {
			isa = XCBuildConfiguration;
			buildSettings = {
				ALWAYS_SEARCH_USER_PATHS = NO;
				CLANG_ANALYZER_NONNULL = YES;
				CLANG_ANALYZER_NUMBER_OBJECT_CONVERSION = YES_AGGRESSIVE;
				CLANG_CXX_LANGUAGE_STANDARD = "gnu++14";
				CLANG_CXX_LIBRARY = "libc++";
				CLANG_ENABLE_MODULES = YES;
				CLANG_ENABLE_OBJC_ARC = YES;
				CLANG_ENABLE_OBJC_WEAK = YES;
				CLANG_WARN_BLOCK_CAPTURE_AUTORELEASING = YES;
				CLANG_WARN_BOOL_CONVERSION = YES;
				CLANG_WARN_COMMA = YES;
				CLANG_WARN_CONSTANT_CONVERSION = YES;
				CLANG_WARN_DEPRECATED_OBJC_IMPLEMENTATIONS = YES;
				CLANG_WARN_DIRECT_OBJC_ISA_USAGE = YES_ERROR;
				CLANG_WARN_DOCUMENTATION_COMMENTS = YES;
				CLANG_WARN_EMPTY_BODY = YES;
				CLANG_WARN_ENUM_CONVERSION = YES;
				CLANG_WARN_INFINITE_RECURSION = YES;
				CLANG_WARN_INT_CONVERSION = YES;
				CLANG_WARN_NON_LITERAL_NULL_CONVERSION = YES;
				CLANG_WARN_OBJC_IMPLICIT_RETAIN_SELF = YES;
				CLANG_WARN_OBJC_LITERAL_CONVERSION = YES;
				CLANG_WARN_OBJC_ROOT_CLASS = YES_ERROR;
				CLANG_WARN_RANGE_LOOP_ANALYSIS = YES;
				CLANG_WARN_STRICT_PROTOTYPES = YES;
				CLANG_WARN_SUSPICIOUS_MOVE = YES;
				CLANG_WARN_UNGUARDED_AVAILABILITY = YES_AGGRESSIVE;
				CLANG_WARN_UNREACHABLE_CODE = YES;
				CLANG_WARN__DUPLICATE_METHOD_MATCH = YES;
				COPY_PHASE_STRIP = NO;
				DEBUG_INFORMATION_FORMAT = "dwarf-with-dsym";
				ENABLE_NS_ASSERTIONS = NO;
				ENABLE_STRICT_OBJC_MSGSEND = YES;
				GCC_C_LANGUAGE_STANDARD = gnu11;
				GCC_NO_COMMON_BLOCKS = YES;
				GCC_WARN_64_TO_32_BIT_CONVERSION = YES;
				GCC_WARN_ABOUT_RETURN_TYPE = YES_ERROR;
				GCC_WARN_UNDECLARED_SELECTOR = YES;
				GCC_WARN_UNINITIALIZED_AUTOS = YES_AGGRESSIVE;
				GCC_WARN_UNUSED_FUNCTION = YES;
				GCC_WARN_UNUSED_VARIABLE = YES;
				IPHONEOS_DEPLOYMENT_TARGET = 13.2;
				MTL_ENABLE_DEBUG_INFO = NO;
				MTL_FAST_MATH = YES;
				SDKROOT = iphoneos;
				SWIFT_COMPILATION_MODE = wholemodule;
				SWIFT_OPTIMIZATION_LEVEL = "-O";
				VALIDATE_PRODUCT = YES;
			};
			name = Release;
		};
		C99DA943262779F200C10BE4 /* Debug */ = {
			isa = XCBuildConfiguration;
			buildSettings = {
				ASSETCATALOG_COMPILER_APPICON_NAME = AppIcon;
				CODE_SIGN_STYLE = Automatic;
				DEVELOPMENT_ASSET_PATHS = "\"Lesson13RecipeListApp/Preview Content\"";
				DEVELOPMENT_TEAM = 44NC4Q8DZ5;
				ENABLE_PREVIEWS = YES;
				INFOPLIST_FILE = Lesson13RecipeListApp/Info.plist;
				LD_RUNPATH_SEARCH_PATHS = (
					"$(inherited)",
					"@executable_path/Frameworks",
				);
				PRODUCT_BUNDLE_IDENTIFIER = com.sTruongCode.Lesson13RecipeListApp;
				PRODUCT_NAME = "$(TARGET_NAME)";
				SWIFT_VERSION = 5.0;
				TARGETED_DEVICE_FAMILY = "1,2";
			};
			name = Debug;
		};
		C99DA944262779F200C10BE4 /* Release */ = {
			isa = XCBuildConfiguration;
			buildSettings = {
				ASSETCATALOG_COMPILER_APPICON_NAME = AppIcon;
				CODE_SIGN_STYLE = Automatic;
				DEVELOPMENT_ASSET_PATHS = "\"Lesson13RecipeListApp/Preview Content\"";
				DEVELOPMENT_TEAM = 44NC4Q8DZ5;
				ENABLE_PREVIEWS = YES;
				INFOPLIST_FILE = Lesson13RecipeListApp/Info.plist;
				LD_RUNPATH_SEARCH_PATHS = (
					"$(inherited)",
					"@executable_path/Frameworks",
				);
				PRODUCT_BUNDLE_IDENTIFIER = com.sTruongCode.Lesson13RecipeListApp;
				PRODUCT_NAME = "$(TARGET_NAME)";
				SWIFT_VERSION = 5.0;
				TARGETED_DEVICE_FAMILY = "1,2";
			};
			name = Release;
		};
/* End XCBuildConfiguration section */

/* Begin XCConfigurationList section */
		C99DA929262779F100C10BE4 /* Build configuration list for PBXProject "Lesson13RecipeListApp" */ = {
			isa = XCConfigurationList;
			buildConfigurations = (
				C99DA940262779F200C10BE4 /* Debug */,
				C99DA941262779F200C10BE4 /* Release */,
			);
			defaultConfigurationIsVisible = 0;
			defaultConfigurationName = Release;
		};
		C99DA942262779F200C10BE4 /* Build configuration list for PBXNativeTarget "Lesson13RecipeListApp" */ = {
			isa = XCConfigurationList;
			buildConfigurations = (
				C99DA943262779F200C10BE4 /* Debug */,
				C99DA944262779F200C10BE4 /* Release */,
			);
			defaultConfigurationIsVisible = 0;
			defaultConfigurationName = Release;
		};
/* End XCConfigurationList section */
	};
	rootObject = C99DA926262779F100C10BE4 /* Project object */;
}
